
Microsoft Visual Studio Solution File, Format Version 12.00
# Visual Studio Version 16
VisualStudioVersion = 16.0.30320.27
MinimumVisualStudioVersion = 10.0.40219.1
Project("{FAE04EC0-301F-11D3-BF4B-00C04F79EFBC}") = "DTO", "DTO\DTO.csproj", "{73CE519E-785B-40C7-B6AD-EE90DF5CFCC5}"
EndProject
Project("{FAE04EC0-301F-11D3-BF4B-00C04F79EFBC}") = "DAL", "DAL\DAL.csproj", "{7750EDBA-E21B-441D-B899-109B225E9676}"
EndProject
Project("{FAE04EC0-301F-11D3-BF4B-00C04F79EFBC}") = "GUI", "GUI\GUI.csproj", "{E3508C3D-AEAE-439F-8E7D-1C83D92364E8}"
EndProject
Project("{FAE04EC0-301F-11D3-BF4B-00C04F79EFBC}") = "BUS", "BUS\BUS.csproj", "{7C2BBE65-91E4-4C0B-90F8-252A2672D47B}"
EndProject
Global
	GlobalSection(SolutionConfigurationPlatforms) = preSolution
		Debug|Any CPU = Debug|Any CPU
		Release|Any CPU = Release|Any CPU
	EndGlobalSection
	GlobalSection(ProjectConfigurationPlatforms) = postSolution
		{73CE519E-785B-40C7-B6AD-EE90DF5CFCC5}.Debug|Any CPU.ActiveCfg = Debug|Any CPU
		{73CE519E-785B-40C7-B6AD-EE90DF5CFCC5}.Debug|Any CPU.Build.0 = Debug|Any CPU
		{73CE519E-785B-40C7-B6AD-EE90DF5CFCC5}.Release|Any CPU.ActiveCfg = Release|Any CPU
		{73CE519E-785B-40C7-B6AD-EE90DF5CFCC5}.Release|Any CPU.Build.0 = Release|Any CPU
		{7750EDBA-E21B-441D-B899-109B225E9676}.Debug|Any CPU.ActiveCfg = Debug|Any CPU
		{7750EDBA-E21B-441D-B899-109B225E9676}.Debug|Any CPU.Build.0 = Debug|Any CPU
		{7750EDBA-E21B-441D-B899-109B225E9676}.Release|Any CPU.ActiveCfg = Release|Any CPU
		{7750EDBA-E21B-441D-B899-109B225E9676}.Release|Any CPU.Build.0 = Release|Any CPU
		{E3508C3D-AEAE-439F-8E7D-1C83D92364E8}.Debug|Any CPU.ActiveCfg = Debug|Any CPU
		{E3508C3D-AEAE-439F-8E7D-1C83D92364E8}.Debug|Any CPU.Build.0 = Debug|Any CPU
		{E3508C3D-AEAE-439F-8E7D-1C83D92364E8}.Release|Any CPU.ActiveCfg = Release|Any CPU
		{E3508C3D-AEAE-439F-8E7D-1C83D92364E8}.Release|Any CPU.Build.0 = Release|Any CPU
		{7C2BBE65-91E4-4C0B-90F8-252A2672D47B}.Debug|Any CPU.ActiveCfg = Debug|Any CPU
		{7C2BBE65-91E4-4C0B-90F8-252A2672D47B}.Debug|Any CPU.Build.0 = Debug|Any CPU
		{7C2BBE65-91E4-4C0B-90F8-252A2672D47B}.Release|Any CPU.ActiveCfg = Release|Any CPU
		{7C2BBE65-91E4-4C0B-90F8-252A2672D47B}.Release|Any CPU.Build.0 = Release|Any CPU
	EndGlobalSection
	GlobalSection(SolutionProperties) = preSolution
		HideSolutionNode = FALSE
	EndGlobalSection
	GlobalSection(ExtensibilityGlobals) = postSolution
		SolutionGuid = {7C51729E-FFF3-4A32-8E2A-3A109172BACB}
	EndGlobalSection
EndGlobal
